Microsoft Visual Studio Solution File, Format Version 12.00
# Visual Studio Version 17
VisualStudioVersion = 17.5.2.0
MinimumVisualStudioVersion = 10.0.40219.1
Project("{FAE04EC0-301F-11D3-BF4B-00C04F79EFBC}") = "ats", "ats.csproj", "{0BD2713C-A16C-B102-D54F-857A554837AF}"
EndProject
Global
	GlobalSection(SolutionConfigurationPlatforms) = preSolution
		Debug|Any CPU = Debug|Any CPU
		Release|Any CPU = Release|Any CPU
	EndGlobalSection
	GlobalSection(ProjectConfigurationPlatforms) = postSolution
		{0BD2713C-A16C-B102-D54F-857A554837AF}.Debug|Any CPU.ActiveCfg = Debug|Any CPU
		{0BD2713C-A16C-B102-D54F-857A554837AF}.Debug|Any CPU.Build.0 = Debug|Any CPU
		{0BD2713C-A16C-B102-D54F-857A554837AF}.Release|Any CPU.ActiveCfg = Release|Any CPU
		{0BD2713C-A16C-B102-D54F-857A554837AF}.Release|Any CPU.Build.0 = Release|Any CPU
	EndGlobalSection
	GlobalSection(SolutionProperties) = preSolution
		HideSolutionNode = FALSE
	EndGlobalSection
	GlobalSection(ExtensibilityGlobals) = postSolution
		SolutionGuid = {F4C39883-59B9-4920-99BA-48ECBBB01ED3}
	EndGlobalSection
EndGlobal
